
Microsoft Visual Studio Solution File, Format Version 12.00
# Visual Studio 15
VisualStudioVersion = 15.0.27004.2009
MinimumVisualStudioVersion = 10.0.40219.1
Project("{FAE04EC0-301F-11D3-BF4B-00C04F79EFBC}") = "Factory", "Factory\Factory.csproj", "{F3A6C842-ECEC-49B2-9524-130DF9BBFDDF}"
EndProject
Global
	GlobalSection(SolutionConfigurationPlatforms) = preSolution
		Debug|Any CPU = Debug|Any CPU
		Release|Any CPU = Release|Any CPU
	EndGlobalSection
	GlobalSection(ProjectConfigurationPlatforms) = postSolution
		{F3A6C842-ECEC-49B2-9524-130DF9BBFDDF}.Debug|Any CPU.ActiveCfg = Debug|Any CPU
		{F3A6C842-ECEC-49B2-9524-130DF9BBFDDF}.Debug|Any CPU.Build.0 = Debug|Any CPU
		{F3A6C842-ECEC-49B2-9524-130DF9BBFDDF}.Release|Any CPU.ActiveCfg = Release|Any CPU
		{F3A6C842-ECEC-49B2-9524-130DF9BBFDDF}.Release|Any CPU.Build.0 = Release|Any CPU
	EndGlobalSection
	GlobalSection(SolutionProperties) = preSolution
		HideSolutionNode = FALSE
	EndGlobalSection
	GlobalSection(ExtensibilityGlobals) = postSolution
		SolutionGuid = {CD33AA3A-8027-4BF9-8B84-2870ED3E6528}
	EndGlobalSection
EndGlobal
